// !$*UTF8*$!
{
	archiveVersion = 1;
	classes = {
	};
	objectVersion = 51;
	objects = {

/* Begin PBXBuildFile section */
		3FBD78CE23107B7600D10523 /* DestaqueCell.swift in Sources */ = {isa = PBXBuildFile; fileRef = 3FBD78CA23107B7600D10523 /* DestaqueCell.swift */; };
		3FBD78CF23107B7600D10523 /* DestaqueTableViewCell.swift in Sources */ = {isa = PBXBuildFile; fileRef = 3FBD78CB23107B7600D10523 /* DestaqueTableViewCell.swift */; };
		3FBD78D023107B7600D10523 /* DestaqueTableViewCell.xib in Resources */ = {isa = PBXBuildFile; fileRef = 3FBD78CC23107B7600D10523 /* DestaqueTableViewCell.xib */; };
		3FBD78D123107B7600D10523 /* DestaqueCell.xib in Resources */ = {isa = PBXBuildFile; fileRef = 3FBD78CD23107B7600D10523 /* DestaqueCell.xib */; };
		3FBD78D623144FDF00D10523 /* TrilhaCell.swift in Sources */ = {isa = PBXBuildFile; fileRef = 3FBD78D423144FDF00D10523 /* TrilhaCell.swift */; };
		3FBD78D723144FDF00D10523 /* TrilhaCell.xib in Resources */ = {isa = PBXBuildFile; fileRef = 3FBD78D523144FDF00D10523 /* TrilhaCell.xib */; };
		3FBD78DA2314590300D10523 /* PlanoCell.swift in Sources */ = {isa = PBXBuildFile; fileRef = 3FBD78D82314590300D10523 /* PlanoCell.swift */; };
		3FBD78DB2314590300D10523 /* PlanoCell.xib in Resources */ = {isa = PBXBuildFile; fileRef = 3FBD78D92314590300D10523 /* PlanoCell.xib */; };
		3FCA0F6E231071D700313CCE /* TrilhasTableViewCell.swift in Sources */ = {isa = PBXBuildFile; fileRef = 3FCA0F6C231071D700313CCE /* TrilhasTableViewCell.swift */; };
		3FCA0F712310720D00313CCE /* PlanosTableViewCell.swift in Sources */ = {isa = PBXBuildFile; fileRef = 3FCA0F6F2310720C00313CCE /* PlanosTableViewCell.swift */; };
		3FCA0F722310744500313CCE /* TrilhasTableViewCell.xib in Resources */ = {isa = PBXBuildFile; fileRef = 3FCA0F6D231071D700313CCE /* TrilhasTableViewCell.xib */; };
		3FCA0F732310744B00313CCE /* PlanosTableViewCell.xib in Resources */ = {isa = PBXBuildFile; fileRef = 3FCA0F702310720D00313CCE /* PlanosTableViewCell.xib */; };
		44042907081BE8B349424CD3 /* Pods_Brasunia.framework in Frameworks */ = {isa = PBXBuildFile; fileRef = 055C7C33665B8A7E65F20BDF /* Pods_Brasunia.framework */; };
		5635A0122318535A00A273CB /* TesteViewController.swift in Sources */ = {isa = PBXBuildFile; fileRef = 5635A0112318535A00A273CB /* TesteViewController.swift */; };
		5641ACC22319A5D200573223 /* CourseInfo.swift in Sources */ = {isa = PBXBuildFile; fileRef = 5641ACC12319A5D200573223 /* CourseInfo.swift */; };
		5641ACC6231D8B9900573223 /* JornadaViewController.swift in Sources */ = {isa = PBXBuildFile; fileRef = 5641ACC5231D8B9900573223 /* JornadaViewController.swift */; };
		567E1693231D8DA500499188 /* HomeViewController.swift in Sources */ = {isa = PBXBuildFile; fileRef = 567E1692231D8DA500499188 /* HomeViewController.swift */; };
		56A99261230F178600A52350 /* AppDelegate.swift in Sources */ = {isa = PBXBuildFile; fileRef = 56A99260230F178600A52350 /* AppDelegate.swift */; };
		56A99266230F178600A52350 /* Main.storyboard in Resources */ = {isa = PBXBuildFile; fileRef = 56A99264230F178600A52350 /* Main.storyboard */; };
		56A99268230F178700A52350 /* Assets.xcassets in Resources */ = {isa = PBXBuildFile; fileRef = 56A99267230F178700A52350 /* Assets.xcassets */; };
		56A9926B230F178700A52350 /* LaunchScreen.storyboard in Resources */ = {isa = PBXBuildFile; fileRef = 56A99269230F178700A52350 /* LaunchScreen.storyboard */; };
		56A99276230F1D0300A52350 /* GoogleService-Info.plist in Resources */ = {isa = PBXBuildFile; fileRef = 56A99275230F1D0300A52350 /* GoogleService-Info.plist */; };
		56C3B03E2310757000E2E6B4 /* DAOFirebase.swift in Sources */ = {isa = PBXBuildFile; fileRef = 56C3B03D2310757000E2E6B4 /* DAOFirebase.swift */; };
		56C3B0402310769D00E2E6B4 /* Model.swift in Sources */ = {isa = PBXBuildFile; fileRef = 56C3B03F2310769D00E2E6B4 /* Model.swift */; };
		56C3B0422310795500E2E6B4 /* UserInfo.swift in Sources */ = {isa = PBXBuildFile; fileRef = 56C3B0412310795500E2E6B4 /* UserInfo.swift */; };
		56DB42162316F95D0088A287 /* Autentication.storyboard in Resources */ = {isa = PBXBuildFile; fileRef = 56DB42152316F95D0088A287 /* Autentication.storyboard */; };
		56DB42192316FB520088A287 /* DesignableView.swift in Sources */ = {isa = PBXBuildFile; fileRef = 56DB42182316FB520088A287 /* DesignableView.swift */; };
		56DB421B2316FE760088A287 /* LoginViewController.swift in Sources */ = {isa = PBXBuildFile; fileRef = 56DB421A2316FE760088A287 /* LoginViewController.swift */; };
		56DB421D231700740088A287 /* Designablebutton.swift in Sources */ = {isa = PBXBuildFile; fileRef = 56DB421C231700740088A287 /* Designablebutton.swift */; };
		641A1F4B2318447D00EDAA1A /* MinhasTrilhasStoryboard.storyboard in Resources */ = {isa = PBXBuildFile; fileRef = 641A1F4A2318447D00EDAA1A /* MinhasTrilhasStoryboard.storyboard */; };
		64512F322316F23A004DA075 /* QuizStoryboard.storyboard in Resources */ = {isa = PBXBuildFile; fileRef = 64512F312316F23A004DA075 /* QuizStoryboard.storyboard */; };
		6456260C2314522C005412FE /* MinhasTrilhasCollectionViewCell.swift in Sources */ = {isa = PBXBuildFile; fileRef = 6456260B2314522C005412FE /* MinhasTrilhasCollectionViewCell.swift */; };
		6456260E231453D8005412FE /* QuizViewController.swift in Sources */ = {isa = PBXBuildFile; fileRef = 6456260D231453D8005412FE /* QuizViewController.swift */; };
		648E376B23105C0800B29D6C /* QuizCollectionViewCell.swift in Sources */ = {isa = PBXBuildFile; fileRef = 648E376A23105C0800B29D6C /* QuizCollectionViewCell.swift */; };
		6495013023145BD3006108BC /* MinhasTrilhasViewController.swift in Sources */ = {isa = PBXBuildFile; fileRef = 6495012F23145BD3006108BC /* MinhasTrilhasViewController.swift */; };
		6495013623146572006108BC /* MinhasTrilhasSkillsCollectionViewCell.swift in Sources */ = {isa = PBXBuildFile; fileRef = 6495013523146572006108BC /* MinhasTrilhasSkillsCollectionViewCell.swift */; };
		B68E6EDF2316F50900793BA2 /* Projeto.storyboard in Resources */ = {isa = PBXBuildFile; fileRef = B68E6EDE2316F50900793BA2 /* Projeto.storyboard */; };
		B68E6EE42316FE6B00793BA2 /* ProjetoTitleTableViewCell.swift in Sources */ = {isa = PBXBuildFile; fileRef = B68E6EE32316FE6B00793BA2 /* ProjetoTitleTableViewCell.swift */; };
		B68E6EE62316FE8800793BA2 /* ProjetoListasTableViewCell.swift in Sources */ = {isa = PBXBuildFile; fileRef = B68E6EE52316FE8800793BA2 /* ProjetoListasTableViewCell.swift */; };
		B68E6EE82316FEC000793BA2 /* ProjetoBotaoTableViewCell.swift in Sources */ = {isa = PBXBuildFile; fileRef = B68E6EE72316FEC000793BA2 /* ProjetoBotaoTableViewCell.swift */; };
		B68E6EEA23185CEF00793BA2 /* ProjetoViewController.swift in Sources */ = {isa = PBXBuildFile; fileRef = B68E6EE923185CEF00793BA2 /* ProjetoViewController.swift */; };
		B69D4503231C1F99001401EA /* Jornada.storyboard in Resources */ = {isa = PBXBuildFile; fileRef = B69D4502231C1F99001401EA /* Jornada.storyboard */; };
		B69D4505231C7344001401EA /* JornadaInfo.swift in Sources */ = {isa = PBXBuildFile; fileRef = B69D4504231C7344001401EA /* JornadaInfo.swift */; };
/* End PBXBuildFile section */

/* Begin PBXFileReference section */
		055C7C33665B8A7E65F20BDF /* Pods_Brasunia.framework */ = {isa = PBXFileReference; explicitFileType = wrapper.framework; includeInIndex = 0; path = Pods_Brasunia.framework; sourceTree = BUILT_PRODUCTS_DIR; };
		23A180D9480A93C30D77E6D4 /* Pods-Brasunia.release.xcconfig */ = {isa = PBXFileReference; includeInIndex = 1; lastKnownFileType = text.xcconfig; name = "Pods-Brasunia.release.xcconfig"; path = "Target Support Files/Pods-Brasunia/Pods-Brasunia.release.xcconfig"; sourceTree = "<group>"; };
		3FBD78CA23107B7600D10523 /* DestaqueCell.swift */ = {isa = PBXFileReference; fileEncoding = 4; lastKnownFileType = sourcecode.swift; path = DestaqueCell.swift; sourceTree = "<group>"; };
		3FBD78CB23107B7600D10523 /* DestaqueTableViewCell.swift */ = {isa = PBXFileReference; fileEncoding = 4; lastKnownFileType = sourcecode.swift; path = DestaqueTableViewCell.swift; sourceTree = "<group>"; };
		3FBD78CC23107B7600D10523 /* DestaqueTableViewCell.xib */ = {isa = PBXFileReference; fileEncoding = 4; lastKnownFileType = file.xib; path = DestaqueTableViewCell.xib; sourceTree = "<group>"; };
		3FBD78CD23107B7600D10523 /* DestaqueCell.xib */ = {isa = PBXFileReference; fileEncoding = 4; lastKnownFileType = file.xib; path = DestaqueCell.xib; sourceTree = "<group>"; };
		3FBD78D423144FDF00D10523 /* TrilhaCell.swift */ = {isa = PBXFileReference; lastKnownFileType = sourcecode.swift; path = TrilhaCell.swift; sourceTree = "<group>"; };
		3FBD78D523144FDF00D10523 /* TrilhaCell.xib */ = {isa = PBXFileReference; lastKnownFileType = file.xib; path = TrilhaCell.xib; sourceTree = "<group>"; };
		3FBD78D82314590300D10523 /* PlanoCell.swift */ = {isa = PBXFileReference; lastKnownFileType = sourcecode.swift; path = PlanoCell.swift; sourceTree = "<group>"; };
		3FBD78D92314590300D10523 /* PlanoCell.xib */ = {isa = PBXFileReference; lastKnownFileType = file.xib; path = PlanoCell.xib; sourceTree = "<group>"; };
		3FCA0F6C231071D700313CCE /* TrilhasTableViewCell.swift */ = {isa = PBXFileReference; lastKnownFileType = sourcecode.swift; path = TrilhasTableViewCell.swift; sourceTree = "<group>"; };
		3FCA0F6D231071D700313CCE /* TrilhasTableViewCell.xib */ = {isa = PBXFileReference; lastKnownFileType = file.xib; path = TrilhasTableViewCell.xib; sourceTree = "<group>"; };
		3FCA0F6F2310720C00313CCE /* PlanosTableViewCell.swift */ = {isa = PBXFileReference; lastKnownFileType = sourcecode.swift; path = PlanosTableViewCell.swift; sourceTree = "<group>"; };
		3FCA0F702310720D00313CCE /* PlanosTableViewCell.xib */ = {isa = PBXFileReference; lastKnownFileType = file.xib; path = PlanosTableViewCell.xib; sourceTree = "<group>"; };
		5635A0112318535A00A273CB /* TesteViewController.swift */ = {isa = PBXFileReference; lastKnownFileType = sourcecode.swift; path = TesteViewController.swift; sourceTree = "<group>"; };
		5641ACC12319A5D200573223 /* CourseInfo.swift */ = {isa = PBXFileReference; lastKnownFileType = sourcecode.swift; path = CourseInfo.swift; sourceTree = "<group>"; };
		5641ACC5231D8B9900573223 /* JornadaViewController.swift */ = {isa = PBXFileReference; fileEncoding = 4; lastKnownFileType = sourcecode.swift; name = JornadaViewController.swift; path = Brasunia/Controller/JornadaViewController.swift; sourceTree = SOURCE_ROOT; };
		567E1692231D8DA500499188 /* HomeViewController.swift */ = {isa = PBXFileReference; fileEncoding = 4; lastKnownFileType = sourcecode.swift; path = HomeViewController.swift; sourceTree = "<group>"; };
		56A9925D230F178600A52350 /* Brasunia.app */ = {isa = PBXFileReference; explicitFileType = wrapper.application; includeInIndex = 0; path = Brasunia.app; sourceTree = BUILT_PRODUCTS_DIR; };
		56A99260230F178600A52350 /* AppDelegate.swift */ = {isa = PBXFileReference; lastKnownFileType = sourcecode.swift; path = AppDelegate.swift; sourceTree = "<group>"; };
		56A99265230F178600A52350 /* Base */ = {isa = PBXFileReference; lastKnownFileType = file.storyboard; name = Base; path = Base.lproj/Main.storyboard; sourceTree = "<group>"; };
		56A99267230F178700A52350 /* Assets.xcassets */ = {isa = PBXFileReference; lastKnownFileType = folder.assetcatalog; path = Assets.xcassets; sourceTree = "<group>"; };
		56A9926A230F178700A52350 /* Base */ = {isa = PBXFileReference; lastKnownFileType = file.storyboard; name = Base; path = Base.lproj/LaunchScreen.storyboard; sourceTree = "<group>"; };
		56A9926C230F178700A52350 /* Info.plist */ = {isa = PBXFileReference; lastKnownFileType = text.plist.xml; path = Info.plist; sourceTree = "<group>"; };
		56A99275230F1D0300A52350 /* GoogleService-Info.plist */ = {isa = PBXFileReference; fileEncoding = 4; lastKnownFileType = text.plist.xml; path = "GoogleService-Info.plist"; sourceTree = "<group>"; };
		56C3B03D2310757000E2E6B4 /* DAOFirebase.swift */ = {isa = PBXFileReference; lastKnownFileType = sourcecode.swift; path = DAOFirebase.swift; sourceTree = "<group>"; };
		56C3B03F2310769D00E2E6B4 /* Model.swift */ = {isa = PBXFileReference; lastKnownFileType = sourcecode.swift; path = Model.swift; sourceTree = "<group>"; };
		56C3B0412310795500E2E6B4 /* UserInfo.swift */ = {isa = PBXFileReference; lastKnownFileType = sourcecode.swift; path = UserInfo.swift; sourceTree = "<group>"; };
		56DB42152316F95D0088A287 /* Autentication.storyboard */ = {isa = PBXFileReference; lastKnownFileType = file.storyboard; path = Autentication.storyboard; sourceTree = "<group>"; };
		56DB42182316FB520088A287 /* DesignableView.swift */ = {isa = PBXFileReference; lastKnownFileType = sourcecode.swift; path = DesignableView.swift; sourceTree = "<group>"; };
		56DB421A2316FE760088A287 /* LoginViewController.swift */ = {isa = PBXFileReference; lastKnownFileType = sourcecode.swift; path = LoginViewController.swift; sourceTree = "<group>"; };
		56DB421C231700740088A287 /* Designablebutton.swift */ = {isa = PBXFileReference; lastKnownFileType = sourcecode.swift; path = Designablebutton.swift; sourceTree = "<group>"; };
		641A1F4A2318447D00EDAA1A /* MinhasTrilhasStoryboard.storyboard */ = {isa = PBXFileReference; lastKnownFileType = file.storyboard; path = MinhasTrilhasStoryboard.storyboard; sourceTree = "<group>"; };
		64512F312316F23A004DA075 /* QuizStoryboard.storyboard */ = {isa = PBXFileReference; lastKnownFileType = file.storyboard; path = QuizStoryboard.storyboard; sourceTree = "<group>"; };
		6456260B2314522C005412FE /* MinhasTrilhasCollectionViewCell.swift */ = {isa = PBXFileReference; lastKnownFileType = sourcecode.swift; path = MinhasTrilhasCollectionViewCell.swift; sourceTree = "<group>"; };
		6456260D231453D8005412FE /* QuizViewController.swift */ = {isa = PBXFileReference; lastKnownFileType = sourcecode.swift; path = QuizViewController.swift; sourceTree = "<group>"; };
		648E376A23105C0800B29D6C /* QuizCollectionViewCell.swift */ = {isa = PBXFileReference; lastKnownFileType = sourcecode.swift; path = QuizCollectionViewCell.swift; sourceTree = "<group>"; };
		6495012F23145BD3006108BC /* MinhasTrilhasViewController.swift */ = {isa = PBXFileReference; lastKnownFileType = sourcecode.swift; path = MinhasTrilhasViewController.swift; sourceTree = "<group>"; };
		6495013523146572006108BC /* MinhasTrilhasSkillsCollectionViewCell.swift */ = {isa = PBXFileReference; lastKnownFileType = sourcecode.swift; path = MinhasTrilhasSkillsCollectionViewCell.swift; sourceTree = "<group>"; };
		A06F086FDBEA3472A2979009 /* Pods-Brasunia.debug.xcconfig */ = {isa = PBXFileReference; includeInIndex = 1; lastKnownFileType = text.xcconfig; name = "Pods-Brasunia.debug.xcconfig"; path = "Target Support Files/Pods-Brasunia/Pods-Brasunia.debug.xcconfig"; sourceTree = "<group>"; };
		B68E6EDE2316F50900793BA2 /* Projeto.storyboard */ = {isa = PBXFileReference; lastKnownFileType = file.storyboard; path = Projeto.storyboard; sourceTree = "<group>"; };
		B68E6EE32316FE6B00793BA2 /* ProjetoTitleTableViewCell.swift */ = {isa = PBXFileReference; lastKnownFileType = sourcecode.swift; path = ProjetoTitleTableViewCell.swift; sourceTree = "<group>"; };
		B68E6EE52316FE8800793BA2 /* ProjetoListasTableViewCell.swift */ = {isa = PBXFileReference; lastKnownFileType = sourcecode.swift; path = ProjetoListasTableViewCell.swift; sourceTree = "<group>"; };
		B68E6EE72316FEC000793BA2 /* ProjetoBotaoTableViewCell.swift */ = {isa = PBXFileReference; lastKnownFileType = sourcecode.swift; path = ProjetoBotaoTableViewCell.swift; sourceTree = "<group>"; };
		B68E6EE923185CEF00793BA2 /* ProjetoViewController.swift */ = {isa = PBXFileReference; lastKnownFileType = sourcecode.swift; path = ProjetoViewController.swift; sourceTree = "<group>"; };
		B69D4502231C1F99001401EA /* Jornada.storyboard */ = {isa = PBXFileReference; lastKnownFileType = file.storyboard; path = Jornada.storyboard; sourceTree = "<group>"; };
		B69D4504231C7344001401EA /* JornadaInfo.swift */ = {isa = PBXFileReference; lastKnownFileType = sourcecode.swift; path = JornadaInfo.swift; sourceTree = "<group>"; };
/* End PBXFileReference section */

/* Begin PBXFrameworksBuildPhase section */
		56A9925A230F178600A52350 /* Frameworks */ = {
			isa = PBXFrameworksBuildPhase;
			buildActionMask = 2147483647;
			files = (
				44042907081BE8B349424CD3 /* Pods_Brasunia.framework in Frameworks */,
			);
			runOnlyForDeploymentPostprocessing = 0;
		};
/* End PBXFrameworksBuildPhase section */

/* Begin PBXGroup section */
		2A0C843CA0837B703902D39A /* Frameworks */ = {
			isa = PBXGroup;
			children = (
				055C7C33665B8A7E65F20BDF /* Pods_Brasunia.framework */,
			);
			name = Frameworks;
			sourceTree = "<group>";
		};
		3FBD78C923107B7600D10523 /* Destaque */ = {
			isa = PBXGroup;
			children = (
				567E1692231D8DA500499188 /* HomeViewController.swift */,
				3FBD78CA23107B7600D10523 /* DestaqueCell.swift */,
				3FBD78CB23107B7600D10523 /* DestaqueTableViewCell.swift */,
				3FBD78CC23107B7600D10523 /* DestaqueTableViewCell.xib */,
				3FBD78CD23107B7600D10523 /* DestaqueCell.xib */,
			);
			path = Destaque;
			sourceTree = "<group>";
		};
		3FBD78D223144F3B00D10523 /* Trilhas */ = {
			isa = PBXGroup;
			children = (
				3FCA0F6C231071D700313CCE /* TrilhasTableViewCell.swift */,
				3FBD78D423144FDF00D10523 /* TrilhaCell.swift */,
				3FBD78D523144FDF00D10523 /* TrilhaCell.xib */,
				3FCA0F6D231071D700313CCE /* TrilhasTableViewCell.xib */,
			);
			path = Trilhas;
			sourceTree = "<group>";
		};
		3FBD78D323144F8400D10523 /* Planos */ = {
			isa = PBXGroup;
			children = (
				3FCA0F6F2310720C00313CCE /* PlanosTableViewCell.swift */,
				3FCA0F702310720D00313CCE /* PlanosTableViewCell.xib */,
				3FBD78D82314590300D10523 /* PlanoCell.swift */,
				3FBD78D92314590300D10523 /* PlanoCell.xib */,
			);
			path = Planos;
			sourceTree = "<group>";
		};
		56A99254230F178600A52350 = {
			isa = PBXGroup;
			children = (
				56A9925F230F178600A52350 /* Brasunia */,
				56A9925E230F178600A52350 /* Products */,
				8FECC87EAF6A81EE15833F60 /* Pods */,
				2A0C843CA0837B703902D39A /* Frameworks */,
			);
			sourceTree = "<group>";
		};
		56A9925E230F178600A52350 /* Products */ = {
			isa = PBXGroup;
			children = (
				56A9925D230F178600A52350 /* Brasunia.app */,
			);
			name = Products;
			sourceTree = "<group>";
		};
		56A9925F230F178600A52350 /* Brasunia */ = {
			isa = PBXGroup;
			children = (
				56A99272230F1CC400A52350 /* Model */,
				56A99273230F1CDE00A52350 /* View */,
				56A99274230F1CED00A52350 /* Controller */,
				56A9926C230F178700A52350 /* Info.plist */,
			);
			path = Brasunia;
			sourceTree = "<group>";
		};
		56A99272230F1CC400A52350 /* Model */ = {
			isa = PBXGroup;
			children = (
				56A99275230F1D0300A52350 /* GoogleService-Info.plist */,
				56C3B03D2310757000E2E6B4 /* DAOFirebase.swift */,
				56C3B03F2310769D00E2E6B4 /* Model.swift */,
				56C3B0412310795500E2E6B4 /* UserInfo.swift */,
				5641ACC12319A5D200573223 /* CourseInfo.swift */,
				B69D4504231C7344001401EA /* JornadaInfo.swift */,
			);
			path = Model;
			sourceTree = "<group>";
		};
		56A99273230F1CDE00A52350 /* View */ = {
			isa = PBXGroup;
			children = (
				B69D4501231C1F83001401EA /* Jornada */,
				64512F302316F1FC004DA075 /* Quiz */,
				641A1F492318444800EDAA1A /* MinhasTrilhas */,
				3FBD78C923107B7600D10523 /* Destaque */,
				56A99264230F178600A52350 /* Main.storyboard */,
				56A99267230F178700A52350 /* Assets.xcassets */,
				56A99269230F178700A52350 /* LaunchScreen.storyboard */,
				3FBD78D223144F3B00D10523 /* Trilhas */,
				3FBD78D323144F8400D10523 /* Planos */,
				56DB42172316F9630088A287 /* Authentication */,
				B68E6EE02316F50F00793BA2 /* Projeto */,
			);
			path = View;
			sourceTree = "<group>";
		};
		56A99274230F1CED00A52350 /* Controller */ = {
			isa = PBXGroup;
			children = (
				56A99260230F178600A52350 /* AppDelegate.swift */,
				6495013123145BF3006108BC /* Quiz */,
				6495013223145C1C006108BC /* MinhasTrilhas */,
				B69D4500231C1F40001401EA /* Jornada */,
			);
			path = Controller;
			sourceTree = "<group>";
		};
		56DB42172316F9630088A287 /* Authentication */ = {
			isa = PBXGroup;
			children = (
				56DB42152316F95D0088A287 /* Autentication.storyboard */,
				5635A0112318535A00A273CB /* TesteViewController.swift */,
				56DB421A2316FE760088A287 /* LoginViewController.swift */,
				56DB42182316FB520088A287 /* DesignableView.swift */,
				56DB421C231700740088A287 /* Designablebutton.swift */,
			);
			path = Authentication;
			sourceTree = "<group>";
		};
		641A1F492318444800EDAA1A /* MinhasTrilhas */ = {
			isa = PBXGroup;
			children = (
				641A1F4A2318447D00EDAA1A /* MinhasTrilhasStoryboard.storyboard */,
			);
			path = MinhasTrilhas;
			sourceTree = "<group>";
		};
		64512F302316F1FC004DA075 /* Quiz */ = {
			isa = PBXGroup;
			children = (
				64512F312316F23A004DA075 /* QuizStoryboard.storyboard */,
			);
			path = Quiz;
			sourceTree = "<group>";
		};
		6495013123145BF3006108BC /* Quiz */ = {
			isa = PBXGroup;
			children = (
				6456260D231453D8005412FE /* QuizViewController.swift */,
				648E376A23105C0800B29D6C /* QuizCollectionViewCell.swift */,
			);
			path = Quiz;
			sourceTree = "<group>";
		};
		6495013223145C1C006108BC /* MinhasTrilhas */ = {
			isa = PBXGroup;
			children = (
				6495012F23145BD3006108BC /* MinhasTrilhasViewController.swift */,
				6456260B2314522C005412FE /* MinhasTrilhasCollectionViewCell.swift */,
				6495013523146572006108BC /* MinhasTrilhasSkillsCollectionViewCell.swift */,
			);
			path = MinhasTrilhas;
			sourceTree = "<group>";
		};
		8FECC87EAF6A81EE15833F60 /* Pods */ = {
			isa = PBXGroup;
			children = (
				A06F086FDBEA3472A2979009 /* Pods-Brasunia.debug.xcconfig */,
				23A180D9480A93C30D77E6D4 /* Pods-Brasunia.release.xcconfig */,
			);
			path = Pods;
			sourceTree = "<group>";
		};
		B68E6EE02316F50F00793BA2 /* Projeto */ = {
			isa = PBXGroup;
			children = (
				B68E6EDE2316F50900793BA2 /* Projeto.storyboard */,
				B68E6EE32316FE6B00793BA2 /* ProjetoTitleTableViewCell.swift */,
				B68E6EE52316FE8800793BA2 /* ProjetoListasTableViewCell.swift */,
				B68E6EE72316FEC000793BA2 /* ProjetoBotaoTableViewCell.swift */,
				B68E6EE923185CEF00793BA2 /* ProjetoViewController.swift */,
			);
			path = Projeto;
			sourceTree = "<group>";
		};
		B69D4500231C1F40001401EA /* Jornada */ = {
			isa = PBXGroup;
			children = (
				5641ACC5231D8B9900573223 /* JornadaViewController.swift */,
			);
			path = Jornada;
			sourceTree = "<group>";
		};
		B69D4501231C1F83001401EA /* Jornada */ = {
			isa = PBXGroup;
			children = (
				B69D4502231C1F99001401EA /* Jornada.storyboard */,
			);
			path = Jornada;
			sourceTree = "<group>";
		};
/* End PBXGroup section */

/* Begin PBXNativeTarget section */
		56A9925C230F178600A52350 /* Brasunia */ = {
			isa = PBXNativeTarget;
			buildConfigurationList = 56A9926F230F178700A52350 /* Build configuration list for PBXNativeTarget "Brasunia" */;
			buildPhases = (
				BE39634ECE6DA07A6460FA50 /* [CP] Check Pods Manifest.lock */,
				56A99259230F178600A52350 /* Sources */,
				56A9925A230F178600A52350 /* Frameworks */,
				56A9925B230F178600A52350 /* Resources */,
				E458FF8ED5B44E0CB667F5AE /* [CP] Embed Pods Frameworks */,
				70336D39459E08F5A080EC4F /* [CP] Copy Pods Resources */,
			);
			buildRules = (
			);
			dependencies = (
			);
			name = Brasunia;
			productName = Brasunia;
			productReference = 56A9925D230F178600A52350 /* Brasunia.app */;
			productType = "com.apple.product-type.application";
		};
/* End PBXNativeTarget section */

/* Begin PBXProject section */
		56A99255230F178600A52350 /* Project object */ = {
			isa = PBXProject;
			attributes = {
				LastSwiftUpdateCheck = 1030;
				LastUpgradeCheck = 1030;
				ORGANIZATIONNAME = Brasunia;
				TargetAttributes = {
					56A9925C230F178600A52350 = {
						CreatedOnToolsVersion = 10.3;
					};
				};
			};
			buildConfigurationList = 56A99258230F178600A52350 /* Build configuration list for PBXProject "Brasunia" */;
			compatibilityVersion = "Xcode 9.3";
			developmentRegion = en;
			hasScannedForEncodings = 0;
			knownRegions = (
				en,
				Base,
			);
			mainGroup = 56A99254230F178600A52350;
			productRefGroup = 56A9925E230F178600A52350 /* Products */;
			projectDirPath = "";
			projectRoot = "";
			targets = (
				56A9925C230F178600A52350 /* Brasunia */,
			);
		};
/* End PBXProject section */

/* Begin PBXResourcesBuildPhase section */
		56A9925B230F178600A52350 /* Resources */ = {
			isa = PBXResourcesBuildPhase;
			buildActionMask = 2147483647;
			files = (
				B69D4503231C1F99001401EA /* Jornada.storyboard in Resources */,
				56A9926B230F178700A52350 /* LaunchScreen.storyboard in Resources */,
				B68E6EDF2316F50900793BA2 /* Projeto.storyboard in Resources */,
				3FBD78D723144FDF00D10523 /* TrilhaCell.xib in Resources */,
				3FBD78D023107B7600D10523 /* DestaqueTableViewCell.xib in Resources */,
				3FCA0F722310744500313CCE /* TrilhasTableViewCell.xib in Resources */,
				3FBD78DB2314590300D10523 /* PlanoCell.xib in Resources */,
				56A99268230F178700A52350 /* Assets.xcassets in Resources */,
				56A99266230F178600A52350 /* Main.storyboard in Resources */,
				3FBD78D123107B7600D10523 /* DestaqueCell.xib in Resources */,
				3FCA0F732310744B00313CCE /* PlanosTableViewCell.xib in Resources */,
				56A99276230F1D0300A52350 /* GoogleService-Info.plist in Resources */,
				641A1F4B2318447D00EDAA1A /* MinhasTrilhasStoryboard.storyboard in Resources */,
				56DB42162316F95D0088A287 /* Autentication.storyboard in Resources */,
				64512F322316F23A004DA075 /* QuizStoryboard.storyboard in Resources */,
			);
			runOnlyForDeploymentPostprocessing = 0;
		};
/* End PBXResourcesBuildPhase section */

/* Begin PBXShellScriptBuildPhase section */
		70336D39459E08F5A080EC4F /* [CP] Copy Pods Resources */ = {
			isa = PBXShellScriptBuildPhase;
			buildActionMask = 2147483647;
			files = (
			);
			inputFileListPaths = (
				"${PODS_ROOT}/Target Support Files/Pods-Brasunia/Pods-Brasunia-resources-${CONFIGURATION}-input-files.xcfilelist",
			);
			name = "[CP] Copy Pods Resources";
			outputFileListPaths = (
				"${PODS_ROOT}/Target Support Files/Pods-Brasunia/Pods-Brasunia-resources-${CONFIGURATION}-output-files.xcfilelist",
			);
			runOnlyForDeploymentPostprocessing = 0;
			shellPath = /bin/sh;
			shellScript = "\"${PODS_ROOT}/Target Support Files/Pods-Brasunia/Pods-Brasunia-resources.sh\"\n";
			showEnvVarsInLog = 0;
		};
		BE39634ECE6DA07A6460FA50 /* [CP] Check Pods Manifest.lock */ = {
			isa = PBXShellScriptBuildPhase;
			buildActionMask = 2147483647;
			files = (
			);
			inputFileListPaths = (
			);
			inputPaths = (
				"${PODS_PODFILE_DIR_PATH}/Podfile.lock",
				"${PODS_ROOT}/Manifest.lock",
			);
			name = "[CP] Check Pods Manifest.lock";
			outputFileListPaths = (
			);
			outputPaths = (
				"$(DERIVED_FILE_DIR)/Pods-Brasunia-checkManifestLockResult.txt",
			);
			runOnlyForDeploymentPostprocessing = 0;
			shellPath = /bin/sh;
			shellScript = "diff \"${PODS_PODFILE_DIR_PATH}/Podfile.lock\" \"${PODS_ROOT}/Manifest.lock\" > /dev/null\nif [ $? != 0 ] ; then\n    # print error to STDERR\n    echo \"error: The sandbox is not in sync with the Podfile.lock. Run 'pod install' or update your CocoaPods installation.\" >&2\n    exit 1\nfi\n# This output is used by Xcode 'outputs' to avoid re-running this script phase.\necho \"SUCCESS\" > \"${SCRIPT_OUTPUT_FILE_0}\"\n";
			showEnvVarsInLog = 0;
		};
		E458FF8ED5B44E0CB667F5AE /* [CP] Embed Pods Frameworks */ = {
			isa = PBXShellScriptBuildPhase;
			buildActionMask = 2147483647;
			files = (
			);
			inputFileListPaths = (
				"${PODS_ROOT}/Target Support Files/Pods-Brasunia/Pods-Brasunia-frameworks-${CONFIGURATION}-input-files.xcfilelist",
			);
			name = "[CP] Embed Pods Frameworks";
			outputFileListPaths = (
				"${PODS_ROOT}/Target Support Files/Pods-Brasunia/Pods-Brasunia-frameworks-${CONFIGURATION}-output-files.xcfilelist",
			);
			runOnlyForDeploymentPostprocessing = 0;
			shellPath = /bin/sh;
			shellScript = "\"${PODS_ROOT}/Target Support Files/Pods-Brasunia/Pods-Brasunia-frameworks.sh\"\n";
			showEnvVarsInLog = 0;
		};
/* End PBXShellScriptBuildPhase section */

/* Begin PBXSourcesBuildPhase section */
		56A99259230F178600A52350 /* Sources */ = {
			isa = PBXSourcesBuildPhase;
			buildActionMask = 2147483647;
			files = (
				B68E6EEA23185CEF00793BA2 /* ProjetoViewController.swift in Sources */,
				56C3B0402310769D00E2E6B4 /* Model.swift in Sources */,
				56DB421D231700740088A287 /* Designablebutton.swift in Sources */,
				3FBD78D623144FDF00D10523 /* TrilhaCell.swift in Sources */,
				56C3B03E2310757000E2E6B4 /* DAOFirebase.swift in Sources */,
				B68E6EE82316FEC000793BA2 /* ProjetoBotaoTableViewCell.swift in Sources */,
				B68E6EE62316FE8800793BA2 /* ProjetoListasTableViewCell.swift in Sources */,
				3FBD78DA2314590300D10523 /* PlanoCell.swift in Sources */,
				5641ACC6231D8B9900573223 /* JornadaViewController.swift in Sources */,
				56A99261230F178600A52350 /* AppDelegate.swift in Sources */,
				5635A0122318535A00A273CB /* TesteViewController.swift in Sources */,
				B68E6EE42316FE6B00793BA2 /* ProjetoTitleTableViewCell.swift in Sources */,
				648E376B23105C0800B29D6C /* QuizCollectionViewCell.swift in Sources */,
				6495013023145BD3006108BC /* MinhasTrilhasViewController.swift in Sources */,
				56DB421B2316FE760088A287 /* LoginViewController.swift in Sources */,
				6456260E231453D8005412FE /* QuizViewController.swift in Sources */,
				56DB42192316FB520088A287 /* DesignableView.swift in Sources */,
				567E1693231D8DA500499188 /* HomeViewController.swift in Sources */,
				6456260C2314522C005412FE /* MinhasTrilhasCollectionViewCell.swift in Sources */,
				6495013623146572006108BC /* MinhasTrilhasSkillsCollectionViewCell.swift in Sources */,
				56C3B0422310795500E2E6B4 /* UserInfo.swift in Sources */,
				3FCA0F6E231071D700313CCE /* TrilhasTableViewCell.swift in Sources */,
				3FBD78CE23107B7600D10523 /* DestaqueCell.swift in Sources */,
				B69D4505231C7344001401EA /* JornadaInfo.swift in Sources */,
				5641ACC22319A5D200573223 /* CourseInfo.swift in Sources */,
				3FBD78CF23107B7600D10523 /* DestaqueTableViewCell.swift in Sources */,
				3FCA0F712310720D00313CCE /* PlanosTableViewCell.swift in Sources */,
			);
			runOnlyForDeploymentPostprocessing = 0;
		};
/* End PBXSourcesBuildPhase section */

/* Begin PBXVariantGroup section */
		56A99264230F178600A52350 /* Main.storyboard */ = {
			isa = PBXVariantGroup;
			children = (
				56A99265230F178600A52350 /* Base */,
			);
			name = Main.storyboard;
			sourceTree = "<group>";
		};
		56A99269230F178700A52350 /* LaunchScreen.storyboard */ = {
			isa = PBXVariantGroup;
			children = (
				56A9926A230F178700A52350 /* Base */,
			);
			name = LaunchScreen.storyboard;
			sourceTree = "<group>";
		};
/* End PBXVariantGroup section */

/* Begin XCBuildConfiguration section */
		56A9926D230F178700A52350 /* Debug */ = {
			isa = XCBuildConfiguration;
			buildSettings = {
				ALWAYS_SEARCH_USER_PATHS = NO;
				CLANG_ANALYZER_NONNULL = YES;
				CLANG_ANALYZER_NUMBER_OBJECT_CONVERSION = YES_AGGRESSIVE;
				CLANG_CXX_LANGUAGE_STANDARD = "gnu++14";
				CLANG_CXX_LIBRARY = "libc++";
				CLANG_ENABLE_MODULES = YES;
				CLANG_ENABLE_OBJC_ARC = YES;
				CLANG_ENABLE_OBJC_WEAK = YES;
				CLANG_WARN_BLOCK_CAPTURE_AUTORELEASING = YES;
				CLANG_WARN_BOOL_CONVERSION = YES;
				CLANG_WARN_COMMA = YES;
				CLANG_WARN_CONSTANT_CONVERSION = YES;
				CLANG_WARN_DEPRECATED_OBJC_IMPLEMENTATIONS = YES;
				CLANG_WARN_DIRECT_OBJC_ISA_USAGE = YES_ERROR;
				CLANG_WARN_DOCUMENTATION_COMMENTS = YES;
				CLANG_WARN_EMPTY_BODY = YES;
				CLANG_WARN_ENUM_CONVERSION = YES;
				CLANG_WARN_INFINITE_RECURSION = YES;
				CLANG_WARN_INT_CONVERSION = YES;
				CLANG_WARN_NON_LITERAL_NULL_CONVERSION = YES;
				CLANG_WARN_OBJC_IMPLICIT_RETAIN_SELF = YES;
				CLANG_WARN_OBJC_LITERAL_CONVERSION = YES;
				CLANG_WARN_OBJC_ROOT_CLASS = YES_ERROR;
				CLANG_WARN_RANGE_LOOP_ANALYSIS = YES;
				CLANG_WARN_STRICT_PROTOTYPES = YES;
				CLANG_WARN_SUSPICIOUS_MOVE = YES;
				CLANG_WARN_UNGUARDED_AVAILABILITY = YES_AGGRESSIVE;
				CLANG_WARN_UNREACHABLE_CODE = YES;
				CLANG_WARN__DUPLICATE_METHOD_MATCH = YES;
				CODE_SIGN_IDENTITY = "iPhone Developer";
				COPY_PHASE_STRIP = NO;
				DEBUG_INFORMATION_FORMAT = dwarf;
				ENABLE_STRICT_OBJC_MSGSEND = YES;
				ENABLE_TESTABILITY = YES;
				GCC_C_LANGUAGE_STANDARD = gnu11;
				GCC_DYNAMIC_NO_PIC = NO;
				GCC_NO_COMMON_BLOCKS = YES;
				GCC_OPTIMIZATION_LEVEL = 0;
				GCC_PREPROCESSOR_DEFINITIONS = (
					"DEBUG=1",
					"$(inherited)",
				);
				GCC_WARN_64_TO_32_BIT_CONVERSION = YES;
				GCC_WARN_ABOUT_RETURN_TYPE = YES_ERROR;
				GCC_WARN_UNDECLARED_SELECTOR = YES;
				GCC_WARN_UNINITIALIZED_AUTOS = YES_AGGRESSIVE;
				GCC_WARN_UNUSED_FUNCTION = YES;
				GCC_WARN_UNUSED_VARIABLE = YES;
				IPHONEOS_DEPLOYMENT_TARGET = 12.2;
				MTL_ENABLE_DEBUG_INFO = INCLUDE_SOURCE;
				MTL_FAST_MATH = YES;
				ONLY_ACTIVE_ARCH = YES;
				SDKROOT = iphoneos;
				SWIFT_ACTIVE_COMPILATION_CONDITIONS = DEBUG;
				SWIFT_OPTIMIZATION_LEVEL = "-Onone";
			};
			name = Debug;
		};
		56A9926E230F178700A52350 /* Release */ = {
			isa = XCBuildConfiguration;
			buildSettings = {
				ALWAYS_SEARCH_USER_PATHS = NO;
				CLANG_ANALYZER_NONNULL = YES;
				CLANG_ANALYZER_NUMBER_OBJECT_CONVERSION = YES_AGGRESSIVE;
				CLANG_CXX_LANGUAGE_STANDARD = "gnu++14";
				CLANG_CXX_LIBRARY = "libc++";
				CLANG_ENABLE_MODULES = YES;
				CLANG_ENABLE_OBJC_ARC = YES;
				CLANG_ENABLE_OBJC_WEAK = YES;
				CLANG_WARN_BLOCK_CAPTURE_AUTORELEASING = YES;
				CLANG_WARN_BOOL_CONVERSION = YES;
				CLANG_WARN_COMMA = YES;
				CLANG_WARN_CONSTANT_CONVERSION = YES;
				CLANG_WARN_DEPRECATED_OBJC_IMPLEMENTATIONS = YES;
				CLANG_WARN_DIRECT_OBJC_ISA_USAGE = YES_ERROR;
				CLANG_WARN_DOCUMENTATION_COMMENTS = YES;
				CLANG_WARN_EMPTY_BODY = YES;
				CLANG_WARN_ENUM_CONVERSION = YES;
				CLANG_WARN_INFINITE_RECURSION = YES;
				CLANG_WARN_INT_CONVERSION = YES;
				CLANG_WARN_NON_LITERAL_NULL_CONVERSION = YES;
				CLANG_WARN_OBJC_IMPLICIT_RETAIN_SELF = YES;
				CLANG_WARN_OBJC_LITERAL_CONVERSION = YES;
				CLANG_WARN_OBJC_ROOT_CLASS = YES_ERROR;
				CLANG_WARN_RANGE_LOOP_ANALYSIS = YES;
				CLANG_WARN_STRICT_PROTOTYPES = YES;
				CLANG_WARN_SUSPICIOUS_MOVE = YES;
				CLANG_WARN_UNGUARDED_AVAILABILITY = YES_AGGRESSIVE;
				CLANG_WARN_UNREACHABLE_CODE = YES;
				CLANG_WARN__DUPLICATE_METHOD_MATCH = YES;
				CODE_SIGN_IDENTITY = "iPhone Developer";
				COPY_PHASE_STRIP = NO;
				DEBUG_INFORMATION_FORMAT = "dwarf-with-dsym";
				ENABLE_NS_ASSERTIONS = NO;
				ENABLE_STRICT_OBJC_MSGSEND = YES;
				GCC_C_LANGUAGE_STANDARD = gnu11;
				GCC_NO_COMMON_BLOCKS = YES;
				GCC_WARN_64_TO_32_BIT_CONVERSION = YES;
				GCC_WARN_ABOUT_RETURN_TYPE = YES_ERROR;
				GCC_WARN_UNDECLARED_SELECTOR = YES;
				GCC_WARN_UNINITIALIZED_AUTOS = YES_AGGRESSIVE;
				GCC_WARN_UNUSED_FUNCTION = YES;
				GCC_WARN_UNUSED_VARIABLE = YES;
				IPHONEOS_DEPLOYMENT_TARGET = 12.2;
				MTL_ENABLE_DEBUG_INFO = NO;
				MTL_FAST_MATH = YES;
				SDKROOT = iphoneos;
				SWIFT_COMPILATION_MODE = wholemodule;
				SWIFT_OPTIMIZATION_LEVEL = "-O";
				VALIDATE_PRODUCT = YES;
			};
			name = Release;
		};
		56A99270230F178700A52350 /* Debug */ = {
			isa = XCBuildConfiguration;
			baseConfigurationReference = A06F086FDBEA3472A2979009 /* Pods-Brasunia.debug.xcconfig */;
			buildSettings = {
				ASSETCATALOG_COMPILER_APPICON_NAME = AppIcon;
				CODE_SIGN_STYLE = Automatic;
				DEVELOPMENT_TEAM = 7994PXZY59;
				INFOPLIST_FILE = Brasunia/Info.plist;
				LD_RUNPATH_SEARCH_PATHS = (
					"$(inherited)",
					"@executable_path/Frameworks",
				);
				PRODUCT_BUNDLE_IDENTIFIER = com.brasunia.Brasunia;
				PRODUCT_NAME = "$(TARGET_NAME)";
				SWIFT_VERSION = 5.0;
				TARGETED_DEVICE_FAMILY = "1,2";
			};
			name = Debug;
		};
		56A99271230F178700A52350 /* Release */ = {
			isa = XCBuildConfiguration;
			baseConfigurationReference = 23A180D9480A93C30D77E6D4 /* Pods-Brasunia.release.xcconfig */;
			buildSettings = {
				ASSETCATALOG_COMPILER_APPICON_NAME = AppIcon;
				CODE_SIGN_STYLE = Automatic;
				DEVELOPMENT_TEAM = 7994PXZY59;
				INFOPLIST_FILE = Brasunia/Info.plist;
				LD_RUNPATH_SEARCH_PATHS = (
					"$(inherited)",
					"@executable_path/Frameworks",
				);
				PRODUCT_BUNDLE_IDENTIFIER = com.brasunia.Brasunia;
				PRODUCT_NAME = "$(TARGET_NAME)";
				SWIFT_VERSION = 5.0;
				TARGETED_DEVICE_FAMILY = "1,2";
			};
			name = Release;
		};
/* End XCBuildConfiguration section */

/* Begin XCConfigurationList section */
		56A99258230F178600A52350 /* Build configuration list for PBXProject "Brasunia" */ = {
			isa = XCConfigurationList;
			buildConfigurations = (
				56A9926D230F178700A52350 /* Debug */,
				56A9926E230F178700A52350 /* Release */,
			);
			defaultConfigurationIsVisible = 0;
			defaultConfigurationName = Release;
		};
		56A9926F230F178700A52350 /* Build configuration list for PBXNativeTarget "Brasunia" */ = {
			isa = XCConfigurationList;
			buildConfigurations = (
				56A99270230F178700A52350 /* Debug */,
				56A99271230F178700A52350 /* Release */,
			);
			defaultConfigurationIsVisible = 0;
			defaultConfigurationName = Release;
		};
/* End XCConfigurationList section */
	};
	rootObject = 56A99255230F178600A52350 /* Project object */;
}
